
Microsoft Visual Studio Solution File, Format Version 12.00
# Visual Studio 15
VisualStudioVersion = 15.0.27004.2009
MinimumVisualStudioVersion = 10.0.40219.1
Project("{FAE04EC0-301F-11D3-BF4B-00C04F79EFBC}") = "CompilingExperiments", "CompilingExperiments\CompilingExperiments.csproj", "{4FA507D2-62B9-41F6-9E2C-1AB072FAAE27}"
EndProject
Project("{FAE04EC0-301F-11D3-BF4B-00C04F79EFBC}") = "ScriptingWindow", "ScriptingWindow\ScriptingWindow.csproj", "{A5B888D9-2071-401A-BA25-48D48432060E}"
EndProject
Project("{FAE04EC0-301F-11D3-BF4B-00C04F79EFBC}") = "Interfaces", "Interfaces\Interfaces.csproj", "{BC2BC21C-E272-4006-9D39-3DFACB189546}"
EndProject
Global
	GlobalSection(SolutionConfigurationPlatforms) = preSolution
		Debug|Any CPU = Debug|Any CPU
		Debug|x64 = Debug|x64
		Release|Any CPU = Release|Any CPU
		Release|x64 = Release|x64
	EndGlobalSection
	GlobalSection(ProjectConfigurationPlatforms) = postSolution
		{4FA507D2-62B9-41F6-9E2C-1AB072FAAE27}.Debug|Any CPU.ActiveCfg = Debug|Any CPU
		{4FA507D2-62B9-41F6-9E2C-1AB072FAAE27}.Debug|Any CPU.Build.0 = Debug|Any CPU
		{4FA507D2-62B9-41F6-9E2C-1AB072FAAE27}.Debug|x64.ActiveCfg = Debug|x64
		{4FA507D2-62B9-41F6-9E2C-1AB072FAAE27}.Debug|x64.Build.0 = Debug|x64
		{4FA507D2-62B9-41F6-9E2C-1AB072FAAE27}.Release|Any CPU.ActiveCfg = Release|Any CPU
		{4FA507D2-62B9-41F6-9E2C-1AB072FAAE27}.Release|Any CPU.Build.0 = Release|Any CPU
		{4FA507D2-62B9-41F6-9E2C-1AB072FAAE27}.Release|x64.ActiveCfg = Release|x64
		{4FA507D2-62B9-41F6-9E2C-1AB072FAAE27}.Release|x64.Build.0 = Release|x64
		{A5B888D9-2071-401A-BA25-48D48432060E}.Debug|Any CPU.ActiveCfg = Debug|Any CPU
		{A5B888D9-2071-401A-BA25-48D48432060E}.Debug|Any CPU.Build.0 = Debug|Any CPU
		{A5B888D9-2071-401A-BA25-48D48432060E}.Debug|x64.ActiveCfg = Debug|x64
		{A5B888D9-2071-401A-BA25-48D48432060E}.Debug|x64.Build.0 = Debug|x64
		{A5B888D9-2071-401A-BA25-48D48432060E}.Release|Any CPU.ActiveCfg = Release|Any CPU
		{A5B888D9-2071-401A-BA25-48D48432060E}.Release|Any CPU.Build.0 = Release|Any CPU
		{A5B888D9-2071-401A-BA25-48D48432060E}.Release|x64.ActiveCfg = Release|x64
		{A5B888D9-2071-401A-BA25-48D48432060E}.Release|x64.Build.0 = Release|x64
		{BC2BC21C-E272-4006-9D39-3DFACB189546}.Debug|Any CPU.ActiveCfg = Debug|Any CPU
		{BC2BC21C-E272-4006-9D39-3DFACB189546}.Debug|Any CPU.Build.0 = Debug|Any CPU
		{BC2BC21C-E272-4006-9D39-3DFACB189546}.Debug|x64.ActiveCfg = Debug|x64
		{BC2BC21C-E272-4006-9D39-3DFACB189546}.Debug|x64.Build.0 = Debug|x64
		{BC2BC21C-E272-4006-9D39-3DFACB189546}.Release|Any CPU.ActiveCfg = Release|Any CPU
		{BC2BC21C-E272-4006-9D39-3DFACB189546}.Release|Any CPU.Build.0 = Release|Any CPU
		{BC2BC21C-E272-4006-9D39-3DFACB189546}.Release|x64.ActiveCfg = Release|x64
		{BC2BC21C-E272-4006-9D39-3DFACB189546}.Release|x64.Build.0 = Release|x64
	EndGlobalSection
	GlobalSection(SolutionProperties) = preSolution
		HideSolutionNode = FALSE
	EndGlobalSection
	GlobalSection(ExtensibilityGlobals) = postSolution
		SolutionGuid = {03395E1C-12AF-4BDD-B974-15B8F702D4FA}
	EndGlobalSection
EndGlobal
